// !$*UTF8*$!
{
	archiveVersion = 1;
	classes = {
	};
	objectVersion = 56;
	objects = {

/* Begin PBXBuildFile section */
		50BDC0E02BB7860800ED1E7B /* TCASamplesApp.swift in Sources */ = {isa = PBXBuildFile; fileRef = 50BDC0DF2BB7860800ED1E7B /* TCASamplesApp.swift */; };
		50BDC0E22BB7860800ED1E7B /* ContentView.swift in Sources */ = {isa = PBXBuildFile; fileRef = 50BDC0E12BB7860800ED1E7B /* ContentView.swift */; };
		50BDC0E42BB7860800ED1E7B /* Item.swift in Sources */ = {isa = PBXBuildFile; fileRef = 50BDC0E32BB7860800ED1E7B /* Item.swift */; };
		50BDC0E62BB7860A00ED1E7B /* Assets.xcassets in Resources */ = {isa = PBXBuildFile; fileRef = 50BDC0E52BB7860A00ED1E7B /* Assets.xcassets */; };
		50BDC0EA2BB7860A00ED1E7B /* Preview Assets.xcassets in Resources */ = {isa = PBXBuildFile; fileRef = 50BDC0E92BB7860A00ED1E7B /* Preview Assets.xcassets */; };
		50BDC0F42BB7860A00ED1E7B /* TCASamplesTests.swift in Sources */ = {isa = PBXBuildFile; fileRef = 50BDC0F32BB7860A00ED1E7B /* TCASamplesTests.swift */; };
		50BDC0FE2BB7860A00ED1E7B /* TCASamplesUITests.swift in Sources */ = {isa = PBXBuildFile; fileRef = 50BDC0FD2BB7860A00ED1E7B /* TCASamplesUITests.swift */; };
		50BDC1002BB7860A00ED1E7B /* TCASamplesUITestsLaunchTests.swift in Sources */ = {isa = PBXBuildFile; fileRef = 50BDC0FF2BB7860A00ED1E7B /* TCASamplesUITestsLaunchTests.swift */; };
		50E296722BB789C600D081D8 /* AppTabview.swift in Sources */ = {isa = PBXBuildFile; fileRef = 50E296712BB789C600D081D8 /* AppTabview.swift */; };
		50E296762BB78B8A00D081D8 /* ComposableArchitecture in Frameworks */ = {isa = PBXBuildFile; productRef = 50E296752BB78B8A00D081D8 /* ComposableArchitecture */; };
		50E296782BB78C8D00D081D8 /* SampleListView.swift in Sources */ = {isa = PBXBuildFile; fileRef = 50E296772BB78C8D00D081D8 /* SampleListView.swift */; };
		50E2967C2BB78DB600D081D8 /* Navigate01View.swift in Sources */ = {isa = PBXBuildFile; fileRef = 50E2967B2BB78DB600D081D8 /* Navigate01View.swift */; };
		50E2967E2BB78F3700D081D8 /* Navigate01Feature.swift in Sources */ = {isa = PBXBuildFile; fileRef = 50E2967D2BB78F3700D081D8 /* Navigate01Feature.swift */; };
		50E296812BB78F9A00D081D8 /* LoadState.swift in Sources */ = {isa = PBXBuildFile; fileRef = 50E296802BB78F9A00D081D8 /* LoadState.swift */; };
/* End PBXBuildFile section */

/* Begin PBXContainerItemProxy section */
		50BDC0F02BB7860A00ED1E7B /* PBXContainerItemProxy */ = {
			isa = PBXContainerItemProxy;
			containerPortal = 50BDC0D42BB7860800ED1E7B /* Project object */;
			proxyType = 1;
			remoteGlobalIDString = 50BDC0DB2BB7860800ED1E7B;
			remoteInfo = TCASamples;
		};
		50BDC0FA2BB7860A00ED1E7B /* PBXContainerItemProxy */ = {
			isa = PBXContainerItemProxy;
			containerPortal = 50BDC0D42BB7860800ED1E7B /* Project object */;
			proxyType = 1;
			remoteGlobalIDString = 50BDC0DB2BB7860800ED1E7B;
			remoteInfo = TCASamples;
		};
/* End PBXContainerItemProxy section */

/* Begin PBXFileReference section */
		50BDC0DC2BB7860800ED1E7B /* TCASamples.app */ = {isa = PBXFileReference; explicitFileType = wrapper.application; includeInIndex = 0; path = TCASamples.app; sourceTree = BUILT_PRODUCTS_DIR; };
		50BDC0DF2BB7860800ED1E7B /* TCASamplesApp.swift */ = {isa = PBXFileReference; lastKnownFileType = sourcecode.swift; path = TCASamplesApp.swift; sourceTree = "<group>"; };
		50BDC0E12BB7860800ED1E7B /* ContentView.swift */ = {isa = PBXFileReference; lastKnownFileType = sourcecode.swift; path = ContentView.swift; sourceTree = "<group>"; };
		50BDC0E32BB7860800ED1E7B /* Item.swift */ = {isa = PBXFileReference; lastKnownFileType = sourcecode.swift; path = Item.swift; sourceTree = "<group>"; };
		50BDC0E52BB7860A00ED1E7B /* Assets.xcassets */ = {isa = PBXFileReference; lastKnownFileType = folder.assetcatalog; path = Assets.xcassets; sourceTree = "<group>"; };
		50BDC0E72BB7860A00ED1E7B /* TCASamples.entitlements */ = {isa = PBXFileReference; lastKnownFileType = text.plist.entitlements; path = TCASamples.entitlements; sourceTree = "<group>"; };
		50BDC0E92BB7860A00ED1E7B /* Preview Assets.xcassets */ = {isa = PBXFileReference; lastKnownFileType = folder.assetcatalog; path = "Preview Assets.xcassets"; sourceTree = "<group>"; };
		50BDC0EF2BB7860A00ED1E7B /* TCASamplesTests.xctest */ = {isa = PBXFileReference; explicitFileType = wrapper.cfbundle; includeInIndex = 0; path = TCASamplesTests.xctest; sourceTree = BUILT_PRODUCTS_DIR; };
		50BDC0F32BB7860A00ED1E7B /* TCASamplesTests.swift */ = {isa = PBXFileReference; lastKnownFileType = sourcecode.swift; path = TCASamplesTests.swift; sourceTree = "<group>"; };
		50BDC0F92BB7860A00ED1E7B /* TCASamplesUITests.xctest */ = {isa = PBXFileReference; explicitFileType = wrapper.cfbundle; includeInIndex = 0; path = TCASamplesUITests.xctest; sourceTree = BUILT_PRODUCTS_DIR; };
		50BDC0FD2BB7860A00ED1E7B /* TCASamplesUITests.swift */ = {isa = PBXFileReference; lastKnownFileType = sourcecode.swift; path = TCASamplesUITests.swift; sourceTree = "<group>"; };
		50BDC0FF2BB7860A00ED1E7B /* TCASamplesUITestsLaunchTests.swift */ = {isa = PBXFileReference; lastKnownFileType = sourcecode.swift; path = TCASamplesUITestsLaunchTests.swift; sourceTree = "<group>"; };
		50E296712BB789C600D081D8 /* AppTabview.swift */ = {isa = PBXFileReference; fileEncoding = 4; lastKnownFileType = sourcecode.swift; path = AppTabview.swift; sourceTree = "<group>"; };
		50E296772BB78C8D00D081D8 /* SampleListView.swift */ = {isa = PBXFileReference; lastKnownFileType = sourcecode.swift; path = SampleListView.swift; sourceTree = "<group>"; };
		50E2967B2BB78DB600D081D8 /* Navigate01View.swift */ = {isa = PBXFileReference; lastKnownFileType = sourcecode.swift; path = Navigate01View.swift; sourceTree = "<group>"; };
		50E2967D2BB78F3700D081D8 /* Navigate01Feature.swift */ = {isa = PBXFileReference; lastKnownFileType = sourcecode.swift; path = Navigate01Feature.swift; sourceTree = "<group>"; };
		50E296802BB78F9A00D081D8 /* LoadState.swift */ = {isa = PBXFileReference; lastKnownFileType = sourcecode.swift; path = LoadState.swift; sourceTree = "<group>"; };
/* End PBXFileReference section */

/* Begin PBXFrameworksBuildPhase section */
		50BDC0D92BB7860800ED1E7B /* Frameworks */ = {
			isa = PBXFrameworksBuildPhase;
			buildActionMask = 2147483647;
			files = (
				50E296762BB78B8A00D081D8 /* ComposableArchitecture in Frameworks */,
			);
			runOnlyForDeploymentPostprocessing = 0;
		};
		50BDC0EC2BB7860A00ED1E7B /* Frameworks */ = {
			isa = PBXFrameworksBuildPhase;
			buildActionMask = 2147483647;
			files = (
			);
			runOnlyForDeploymentPostprocessing = 0;
		};
		50BDC0F62BB7860A00ED1E7B /* Frameworks */ = {
			isa = PBXFrameworksBuildPhase;
			buildActionMask = 2147483647;
			files = (
			);
			runOnlyForDeploymentPostprocessing = 0;
		};
/* End PBXFrameworksBuildPhase section */

/* Begin PBXGroup section */
		50BDC0D32BB7860800ED1E7B = {
			isa = PBXGroup;
			children = (
				50BDC0DE2BB7860800ED1E7B /* TCASamples */,
				50BDC0F22BB7860A00ED1E7B /* TCASamplesTests */,
				50BDC0FC2BB7860A00ED1E7B /* TCASamplesUITests */,
				50BDC0DD2BB7860800ED1E7B /* Products */,
			);
			sourceTree = "<group>";
		};
		50BDC0DD2BB7860800ED1E7B /* Products */ = {
			isa = PBXGroup;
			children = (
				50BDC0DC2BB7860800ED1E7B /* TCASamples.app */,
				50BDC0EF2BB7860A00ED1E7B /* TCASamplesTests.xctest */,
				50BDC0F92BB7860A00ED1E7B /* TCASamplesUITests.xctest */,
			);
			name = Products;
			sourceTree = "<group>";
		};
		50BDC0DE2BB7860800ED1E7B /* TCASamples */ = {
			isa = PBXGroup;
			children = (
				50BDC0E52BB7860A00ED1E7B /* Assets.xcassets */,
				50E2967F2BB78F8100D081D8 /* Common */,
				50E296732BB78A0D00D081D8 /* Defalut */,
				50BDC0E82BB7860A00ED1E7B /* Preview Content */,
				50E296772BB78C8D00D081D8 /* SampleListView.swift */,
				50E296792BB78D9700D081D8 /* Samples */,
				50E296702BB789C600D081D8 /* Tabview */,
				50BDC0E72BB7860A00ED1E7B /* TCASamples.entitlements */,
				50BDC0DF2BB7860800ED1E7B /* TCASamplesApp.swift */,
			);
			path = TCASamples;
			sourceTree = "<group>";
		};
		50BDC0E82BB7860A00ED1E7B /* Preview Content */ = {
			isa = PBXGroup;
			children = (
				50BDC0E92BB7860A00ED1E7B /* Preview Assets.xcassets */,
			);
			path = "Preview Content";
			sourceTree = "<group>";
		};
		50BDC0F22BB7860A00ED1E7B /* TCASamplesTests */ = {
			isa = PBXGroup;
			children = (
				50BDC0F32BB7860A00ED1E7B /* TCASamplesTests.swift */,
			);
			path = TCASamplesTests;
			sourceTree = "<group>";
		};
		50BDC0FC2BB7860A00ED1E7B /* TCASamplesUITests */ = {
			isa = PBXGroup;
			children = (
				50BDC0FD2BB7860A00ED1E7B /* TCASamplesUITests.swift */,
				50BDC0FF2BB7860A00ED1E7B /* TCASamplesUITestsLaunchTests.swift */,
			);
			path = TCASamplesUITests;
			sourceTree = "<group>";
		};
		50E296702BB789C600D081D8 /* Tabview */ = {
			isa = PBXGroup;
			children = (
				50E296712BB789C600D081D8 /* AppTabview.swift */,
			);
			path = Tabview;
			sourceTree = "<group>";
		};
		50E296732BB78A0D00D081D8 /* Defalut */ = {
			isa = PBXGroup;
			children = (
				50BDC0E12BB7860800ED1E7B /* ContentView.swift */,
				50BDC0E32BB7860800ED1E7B /* Item.swift */,
			);
			path = Defalut;
			sourceTree = "<group>";
		};
		50E296792BB78D9700D081D8 /* Samples */ = {
			isa = PBXGroup;
			children = (
				50E2967A2BB78DAB00D081D8 /* NavigationStack */,
			);
			path = Samples;
			sourceTree = "<group>";
		};
		50E2967A2BB78DAB00D081D8 /* NavigationStack */ = {
			isa = PBXGroup;
			children = (
				50E2967B2BB78DB600D081D8 /* Navigate01View.swift */,
				50E2967D2BB78F3700D081D8 /* Navigate01Feature.swift */,
			);
			path = NavigationStack;
			sourceTree = "<group>";
		};
		50E2967F2BB78F8100D081D8 /* Common */ = {
			isa = PBXGroup;
			children = (
				50E296802BB78F9A00D081D8 /* LoadState.swift */,
			);
			path = Common;
			sourceTree = "<group>";
		};
/* End PBXGroup section */

/* Begin PBXNativeTarget section */
		50BDC0DB2BB7860800ED1E7B /* TCASamples */ = {
			isa = PBXNativeTarget;
			buildConfigurationList = 50BDC1032BB7860A00ED1E7B /* Build configuration list for PBXNativeTarget "TCASamples" */;
			buildPhases = (
				50BDC0D82BB7860800ED1E7B /* Sources */,
				50BDC0D92BB7860800ED1E7B /* Frameworks */,
				50BDC0DA2BB7860800ED1E7B /* Resources */,
			);
			buildRules = (
			);
			dependencies = (
			);
			name = TCASamples;
			packageProductDependencies = (
				50E296752BB78B8A00D081D8 /* ComposableArchitecture */,
			);
			productName = TCASamples;
			productReference = 50BDC0DC2BB7860800ED1E7B /* TCASamples.app */;
			productType = "com.apple.product-type.application";
		};
		50BDC0EE2BB7860A00ED1E7B /* TCASamplesTests */ = {
			isa = PBXNativeTarget;
			buildConfigurationList = 50BDC1062BB7860A00ED1E7B /* Build configuration list for PBXNativeTarget "TCASamplesTests" */;
			buildPhases = (
				50BDC0EB2BB7860A00ED1E7B /* Sources */,
				50BDC0EC2BB7860A00ED1E7B /* Frameworks */,
				50BDC0ED2BB7860A00ED1E7B /* Resources */,
			);
			buildRules = (
			);
			dependencies = (
				50BDC0F12BB7860A00ED1E7B /* PBXTargetDependency */,
			);
			name = TCASamplesTests;
			productName = TCASamplesTests;
			productReference = 50BDC0EF2BB7860A00ED1E7B /* TCASamplesTests.xctest */;
			productType = "com.apple.product-type.bundle.unit-test";
		};
		50BDC0F82BB7860A00ED1E7B /* TCASamplesUITests */ = {
			isa = PBXNativeTarget;
			buildConfigurationList = 50BDC1092BB7860A00ED1E7B /* Build configuration list for PBXNativeTarget "TCASamplesUITests" */;
			buildPhases = (
				50BDC0F52BB7860A00ED1E7B /* Sources */,
				50BDC0F62BB7860A00ED1E7B /* Frameworks */,
				50BDC0F72BB7860A00ED1E7B /* Resources */,
			);
			buildRules = (
			);
			dependencies = (
				50BDC0FB2BB7860A00ED1E7B /* PBXTargetDependency */,
			);
			name = TCASamplesUITests;
			productName = TCASamplesUITests;
			productReference = 50BDC0F92BB7860A00ED1E7B /* TCASamplesUITests.xctest */;
			productType = "com.apple.product-type.bundle.ui-testing";
		};
/* End PBXNativeTarget section */

/* Begin PBXProject section */
		50BDC0D42BB7860800ED1E7B /* Project object */ = {
			isa = PBXProject;
			attributes = {
				BuildIndependentTargetsInParallel = 1;
				LastSwiftUpdateCheck = 1520;
				LastUpgradeCheck = 1520;
				TargetAttributes = {
					50BDC0DB2BB7860800ED1E7B = {
						CreatedOnToolsVersion = 15.2;
					};
					50BDC0EE2BB7860A00ED1E7B = {
						CreatedOnToolsVersion = 15.2;
						TestTargetID = 50BDC0DB2BB7860800ED1E7B;
					};
					50BDC0F82BB7860A00ED1E7B = {
						CreatedOnToolsVersion = 15.2;
						TestTargetID = 50BDC0DB2BB7860800ED1E7B;
					};
				};
			};
			buildConfigurationList = 50BDC0D72BB7860800ED1E7B /* Build configuration list for PBXProject "TCASamples" */;
			compatibilityVersion = "Xcode 14.0";
			developmentRegion = en;
			hasScannedForEncodings = 0;
			knownRegions = (
				en,
				Base,
			);
			mainGroup = 50BDC0D32BB7860800ED1E7B;
			packageReferences = (
				50E296742BB78B8A00D081D8 /* XCRemoteSwiftPackageReference "swift-composable-architecture" */,
			);
			productRefGroup = 50BDC0DD2BB7860800ED1E7B /* Products */;
			projectDirPath = "";
			projectRoot = "";
			targets = (
				50BDC0DB2BB7860800ED1E7B /* TCASamples */,
				50BDC0EE2BB7860A00ED1E7B /* TCASamplesTests */,
				50BDC0F82BB7860A00ED1E7B /* TCASamplesUITests */,
			);
		};
/* End PBXProject section */

/* Begin PBXResourcesBuildPhase section */
		50BDC0DA2BB7860800ED1E7B /* Resources */ = {
			isa = PBXResourcesBuildPhase;
			buildActionMask = 2147483647;
			files = (
				50BDC0EA2BB7860A00ED1E7B /* Preview Assets.xcassets in Resources */,
				50BDC0E62BB7860A00ED1E7B /* Assets.xcassets in Resources */,
			);
			runOnlyForDeploymentPostprocessing = 0;
		};
		50BDC0ED2BB7860A00ED1E7B /* Resources */ = {
			isa = PBXResourcesBuildPhase;
			buildActionMask = 2147483647;
			files = (
			);
			runOnlyForDeploymentPostprocessing = 0;
		};
		50BDC0F72BB7860A00ED1E7B /* Resources */ = {
			isa = PBXResourcesBuildPhase;
			buildActionMask = 2147483647;
			files = (
			);
			runOnlyForDeploymentPostprocessing = 0;
		};
/* End PBXResourcesBuildPhase section */

/* Begin PBXSourcesBuildPhase section */
		50BDC0D82BB7860800ED1E7B /* Sources */ = {
			isa = PBXSourcesBuildPhase;
			buildActionMask = 2147483647;
			files = (
				50BDC0E22BB7860800ED1E7B /* ContentView.swift in Sources */,
				50BDC0E42BB7860800ED1E7B /* Item.swift in Sources */,
				50E2967E2BB78F3700D081D8 /* Navigate01Feature.swift in Sources */,
				50E296812BB78F9A00D081D8 /* LoadState.swift in Sources */,
				50E2967C2BB78DB600D081D8 /* Navigate01View.swift in Sources */,
				50E296722BB789C600D081D8 /* AppTabview.swift in Sources */,
				50E296782BB78C8D00D081D8 /* SampleListView.swift in Sources */,
				50BDC0E02BB7860800ED1E7B /* TCASamplesApp.swift in Sources */,
			);
			runOnlyForDeploymentPostprocessing = 0;
		};
		50BDC0EB2BB7860A00ED1E7B /* Sources */ = {
			isa = PBXSourcesBuildPhase;
			buildActionMask = 2147483647;
			files = (
				50BDC0F42BB7860A00ED1E7B /* TCASamplesTests.swift in Sources */,
			);
			runOnlyForDeploymentPostprocessing = 0;
		};
		50BDC0F52BB7860A00ED1E7B /* Sources */ = {
			isa = PBXSourcesBuildPhase;
			buildActionMask = 2147483647;
			files = (
				50BDC0FE2BB7860A00ED1E7B /* TCASamplesUITests.swift in Sources */,
				50BDC1002BB7860A00ED1E7B /* TCASamplesUITestsLaunchTests.swift in Sources */,
			);
			runOnlyForDeploymentPostprocessing = 0;
		};
/* End PBXSourcesBuildPhase section */

/* Begin PBXTargetDependency section */
		50BDC0F12BB7860A00ED1E7B /* PBXTargetDependency */ = {
			isa = PBXTargetDependency;
			target = 50BDC0DB2BB7860800ED1E7B /* TCASamples */;
			targetProxy = 50BDC0F02BB7860A00ED1E7B /* PBXContainerItemProxy */;
		};
		50BDC0FB2BB7860A00ED1E7B /* PBXTargetDependency */ = {
			isa = PBXTargetDependency;
			target = 50BDC0DB2BB7860800ED1E7B /* TCASamples */;
			targetProxy = 50BDC0FA2BB7860A00ED1E7B /* PBXContainerItemProxy */;
		};
/* End PBXTargetDependency section */

/* Begin XCBuildConfiguration section */
		50BDC1012BB7860A00ED1E7B /* Debug */ = {
			isa = XCBuildConfiguration;
			buildSettings = {
				ALWAYS_SEARCH_USER_PATHS = NO;
				ASSETCATALOG_COMPILER_GENERATE_SWIFT_ASSET_SYMBOL_EXTENSIONS = YES;
				CLANG_ANALYZER_NONNULL = YES;
				CLANG_ANALYZER_NUMBER_OBJECT_CONVERSION = YES_AGGRESSIVE;
				CLANG_CXX_LANGUAGE_STANDARD = "gnu++20";
				CLANG_ENABLE_MODULES = YES;
				CLANG_ENABLE_OBJC_ARC = YES;
				CLANG_ENABLE_OBJC_WEAK = YES;
				CLANG_WARN_BLOCK_CAPTURE_AUTORELEASING = YES;
				CLANG_WARN_BOOL_CONVERSION = YES;
				CLANG_WARN_COMMA = YES;
				CLANG_WARN_CONSTANT_CONVERSION = YES;
				CLANG_WARN_DEPRECATED_OBJC_IMPLEMENTATIONS = YES;
				CLANG_WARN_DIRECT_OBJC_ISA_USAGE = YES_ERROR;
				CLANG_WARN_DOCUMENTATION_COMMENTS = YES;
				CLANG_WARN_EMPTY_BODY = YES;
				CLANG_WARN_ENUM_CONVERSION = YES;
				CLANG_WARN_INFINITE_RECURSION = YES;
				CLANG_WARN_INT_CONVERSION = YES;
				CLANG_WARN_NON_LITERAL_NULL_CONVERSION = YES;
				CLANG_WARN_OBJC_IMPLICIT_RETAIN_SELF = YES;
				CLANG_WARN_OBJC_LITERAL_CONVERSION = YES;
				CLANG_WARN_OBJC_ROOT_CLASS = YES_ERROR;
				CLANG_WARN_QUOTED_INCLUDE_IN_FRAMEWORK_HEADER = YES;
				CLANG_WARN_RANGE_LOOP_ANALYSIS = YES;
				CLANG_WARN_STRICT_PROTOTYPES = YES;
				CLANG_WARN_SUSPICIOUS_MOVE = YES;
				CLANG_WARN_UNGUARDED_AVAILABILITY = YES_AGGRESSIVE;
				CLANG_WARN_UNREACHABLE_CODE = YES;
				CLANG_WARN__DUPLICATE_METHOD_MATCH = YES;
				COPY_PHASE_STRIP = NO;
				DEBUG_INFORMATION_FORMAT = dwarf;
				ENABLE_STRICT_OBJC_MSGSEND = YES;
				ENABLE_TESTABILITY = YES;
				ENABLE_USER_SCRIPT_SANDBOXING = YES;
				GCC_C_LANGUAGE_STANDARD = gnu17;
				GCC_DYNAMIC_NO_PIC = NO;
				GCC_NO_COMMON_BLOCKS = YES;
				GCC_OPTIMIZATION_LEVEL = 0;
				GCC_PREPROCESSOR_DEFINITIONS = (
					"DEBUG=1",
					"$(inherited)",
				);
				GCC_WARN_64_TO_32_BIT_CONVERSION = YES;
				GCC_WARN_ABOUT_RETURN_TYPE = YES_ERROR;
				GCC_WARN_UNDECLARED_SELECTOR = YES;
				GCC_WARN_UNINITIALIZED_AUTOS = YES_AGGRESSIVE;
				GCC_WARN_UNUSED_FUNCTION = YES;
				GCC_WARN_UNUSED_VARIABLE = YES;
				LOCALIZATION_PREFERS_STRING_CATALOGS = YES;
				MTL_ENABLE_DEBUG_INFO = INCLUDE_SOURCE;
				MTL_FAST_MATH = YES;
				ONLY_ACTIVE_ARCH = YES;
				SWIFT_ACTIVE_COMPILATION_CONDITIONS = "DEBUG $(inherited)";
				SWIFT_OPTIMIZATION_LEVEL = "-Onone";
			};
			name = Debug;
		};
		50BDC1022BB7860A00ED1E7B /* Release */ = {
			isa = XCBuildConfiguration;
			buildSettings = {
				ALWAYS_SEARCH_USER_PATHS = NO;
				ASSETCATALOG_COMPILER_GENERATE_SWIFT_ASSET_SYMBOL_EXTENSIONS = YES;
				CLANG_ANALYZER_NONNULL = YES;
				CLANG_ANALYZER_NUMBER_OBJECT_CONVERSION = YES_AGGRESSIVE;
				CLANG_CXX_LANGUAGE_STANDARD = "gnu++20";
				CLANG_ENABLE_MODULES = YES;
				CLANG_ENABLE_OBJC_ARC = YES;
				CLANG_ENABLE_OBJC_WEAK = YES;
				CLANG_WARN_BLOCK_CAPTURE_AUTORELEASING = YES;
				CLANG_WARN_BOOL_CONVERSION = YES;
				CLANG_WARN_COMMA = YES;
				CLANG_WARN_CONSTANT_CONVERSION = YES;
				CLANG_WARN_DEPRECATED_OBJC_IMPLEMENTATIONS = YES;
				CLANG_WARN_DIRECT_OBJC_ISA_USAGE = YES_ERROR;
				CLANG_WARN_DOCUMENTATION_COMMENTS = YES;
				CLANG_WARN_EMPTY_BODY = YES;
				CLANG_WARN_ENUM_CONVERSION = YES;
				CLANG_WARN_INFINITE_RECURSION = YES;
				CLANG_WARN_INT_CONVERSION = YES;
				CLANG_WARN_NON_LITERAL_NULL_CONVERSION = YES;
				CLANG_WARN_OBJC_IMPLICIT_RETAIN_SELF = YES;
				CLANG_WARN_OBJC_LITERAL_CONVERSION = YES;
				CLANG_WARN_OBJC_ROOT_CLASS = YES_ERROR;
				CLANG_WARN_QUOTED_INCLUDE_IN_FRAMEWORK_HEADER = YES;
				CLANG_WARN_RANGE_LOOP_ANALYSIS = YES;
				CLANG_WARN_STRICT_PROTOTYPES = YES;
				CLANG_WARN_SUSPICIOUS_MOVE = YES;
				CLANG_WARN_UNGUARDED_AVAILABILITY = YES_AGGRESSIVE;
				CLANG_WARN_UNREACHABLE_CODE = YES;
				CLANG_WARN__DUPLICATE_METHOD_MATCH = YES;
				COPY_PHASE_STRIP = NO;
				DEBUG_INFORMATION_FORMAT = "dwarf-with-dsym";
				ENABLE_NS_ASSERTIONS = NO;
				ENABLE_STRICT_OBJC_MSGSEND = YES;
				ENABLE_USER_SCRIPT_SANDBOXING = YES;
				GCC_C_LANGUAGE_STANDARD = gnu17;
				GCC_NO_COMMON_BLOCKS = YES;
				GCC_WARN_64_TO_32_BIT_CONVERSION = YES;
				GCC_WARN_ABOUT_RETURN_TYPE = YES_ERROR;
				GCC_WARN_UNDECLARED_SELECTOR = YES;
				GCC_WARN_UNINITIALIZED_AUTOS = YES_AGGRESSIVE;
				GCC_WARN_UNUSED_FUNCTION = YES;
				GCC_WARN_UNUSED_VARIABLE = YES;
				LOCALIZATION_PREFERS_STRING_CATALOGS = YES;
				MTL_ENABLE_DEBUG_INFO = NO;
				MTL_FAST_MATH = YES;
				SWIFT_COMPILATION_MODE = wholemodule;
			};
			name = Release;
		};
		50BDC1042BB7860A00ED1E7B /* Debug */ = {
			isa = XCBuildConfiguration;
			buildSettings = {
				ASSETCATALOG_COMPILER_APPICON_NAME = AppIcon;
				ASSETCATALOG_COMPILER_GLOBAL_ACCENT_COLOR_NAME = AccentColor;
				CODE_SIGN_ENTITLEMENTS = TCASamples/TCASamples.entitlements;
				CODE_SIGN_STYLE = Automatic;
				CURRENT_PROJECT_VERSION = 1;
				DEVELOPMENT_ASSET_PATHS = "\"TCASamples/Preview Content\"";
				DEVELOPMENT_TEAM = 6VPJN87ZK9;
				ENABLE_HARDENED_RUNTIME = YES;
				ENABLE_PREVIEWS = YES;
				GENERATE_INFOPLIST_FILE = YES;
				"INFOPLIST_KEY_UIApplicationSceneManifest_Generation[sdk=iphoneos*]" = YES;
				"INFOPLIST_KEY_UIApplicationSceneManifest_Generation[sdk=iphonesimulator*]" = YES;
				"INFOPLIST_KEY_UIApplicationSupportsIndirectInputEvents[sdk=iphoneos*]" = YES;
				"INFOPLIST_KEY_UIApplicationSupportsIndirectInputEvents[sdk=iphonesimulator*]" = YES;
				"INFOPLIST_KEY_UILaunchScreen_Generation[sdk=iphoneos*]" = YES;
				"INFOPLIST_KEY_UILaunchScreen_Generation[sdk=iphonesimulator*]" = YES;
				"INFOPLIST_KEY_UIStatusBarStyle[sdk=iphoneos*]" = UIStatusBarStyleDefault;
				"INFOPLIST_KEY_UIStatusBarStyle[sdk=iphonesimulator*]" = UIStatusBarStyleDefault;
				INFOPLIST_KEY_UISupportedInterfaceOrientations_iPad = "UIInterfaceOrientationPortrait UIInterfaceOrientationPortraitUpsideDown UIInterfaceOrientationLandscapeLeft UIInterfaceOrientationLandscapeRight";
				INFOPLIST_KEY_UISupportedInterfaceOrientations_iPhone = "UIInterfaceOrientationPortrait UIInterfaceOrientationLandscapeLeft UIInterfaceOrientationLandscapeRight";
				IPHONEOS_DEPLOYMENT_TARGET = 17.2;
				LD_RUNPATH_SEARCH_PATHS = "@executable_path/Frameworks";
				"LD_RUNPATH_SEARCH_PATHS[sdk=macosx*]" = "@executable_path/../Frameworks";
				MACOSX_DEPLOYMENT_TARGET = 14.0;
				MARKETING_VERSION = 1.0;
				PRODUCT_BUNDLE_IDENTIFIER = com.dev.app.shinamon.TCASamples;
				PRODUCT_NAME = "$(TARGET_NAME)";
				SDKROOT = auto;
				SUPPORTED_PLATFORMS = "iphoneos iphonesimulator macosx";
				SWIFT_EMIT_LOC_STRINGS = YES;
				SWIFT_VERSION = 5.0;
				TARGETED_DEVICE_FAMILY = "1,2";
			};
			name = Debug;
		};
		50BDC1052BB7860A00ED1E7B /* Release */ = {
			isa = XCBuildConfiguration;
			buildSettings = {
				ASSETCATALOG_COMPILER_APPICON_NAME = AppIcon;
				ASSETCATALOG_COMPILER_GLOBAL_ACCENT_COLOR_NAME = AccentColor;
				CODE_SIGN_ENTITLEMENTS = TCASamples/TCASamples.entitlements;
				CODE_SIGN_STYLE = Automatic;
				CURRENT_PROJECT_VERSION = 1;
				DEVELOPMENT_ASSET_PATHS = "\"TCASamples/Preview Content\"";
				DEVELOPMENT_TEAM = 6VPJN87ZK9;
				ENABLE_HARDENED_RUNTIME = YES;
				ENABLE_PREVIEWS = YES;
				GENERATE_INFOPLIST_FILE = YES;
				"INFOPLIST_KEY_UIApplicationSceneManifest_Generation[sdk=iphoneos*]" = YES;
				"INFOPLIST_KEY_UIApplicationSceneManifest_Generation[sdk=iphonesimulator*]" = YES;
				"INFOPLIST_KEY_UIApplicationSupportsIndirectInputEvents[sdk=iphoneos*]" = YES;
				"INFOPLIST_KEY_UIApplicationSupportsIndirectInputEvents[sdk=iphonesimulator*]" = YES;
				"INFOPLIST_KEY_UILaunchScreen_Generation[sdk=iphoneos*]" = YES;
				"INFOPLIST_KEY_UILaunchScreen_Generation[sdk=iphonesimulator*]" = YES;
				"INFOPLIST_KEY_UIStatusBarStyle[sdk=iphoneos*]" = UIStatusBarStyleDefault;
				"INFOPLIST_KEY_UIStatusBarStyle[sdk=iphonesimulator*]" = UIStatusBarStyleDefault;
				INFOPLIST_KEY_UISupportedInterfaceOrientations_iPad = "UIInterfaceOrientationPortrait UIInterfaceOrientationPortraitUpsideDown UIInterfaceOrientationLandscapeLeft UIInterfaceOrientationLandscapeRight";
				INFOPLIST_KEY_UISupportedInterfaceOrientations_iPhone = "UIInterfaceOrientationPortrait UIInterfaceOrientationLandscapeLeft UIInterfaceOrientationLandscapeRight";
				IPHONEOS_DEPLOYMENT_TARGET = 17.2;
				LD_RUNPATH_SEARCH_PATHS = "@executable_path/Frameworks";
				"LD_RUNPATH_SEARCH_PATHS[sdk=macosx*]" = "@executable_path/../Frameworks";
				MACOSX_DEPLOYMENT_TARGET = 14.0;
				MARKETING_VERSION = 1.0;
				PRODUCT_BUNDLE_IDENTIFIER = com.dev.app.shinamon.TCASamples;
				PRODUCT_NAME = "$(TARGET_NAME)";
				SDKROOT = auto;
				SUPPORTED_PLATFORMS = "iphoneos iphonesimulator macosx";
				SWIFT_EMIT_LOC_STRINGS = YES;
				SWIFT_VERSION = 5.0;
				TARGETED_DEVICE_FAMILY = "1,2";
			};
			name = Release;
		};
		50BDC1072BB7860A00ED1E7B /* Debug */ = {
			isa = XCBuildConfiguration;
			buildSettings = {
				ALWAYS_EMBED_SWIFT_STANDARD_LIBRARIES = YES;
				BUNDLE_LOADER = "$(TEST_HOST)";
				CODE_SIGN_STYLE = Automatic;
				CURRENT_PROJECT_VERSION = 1;
				DEVELOPMENT_TEAM = 6VPJN87ZK9;
				GENERATE_INFOPLIST_FILE = YES;
				IPHONEOS_DEPLOYMENT_TARGET = 17.2;
				MACOSX_DEPLOYMENT_TARGET = 14.2;
				MARKETING_VERSION = 1.0;
				PRODUCT_BUNDLE_IDENTIFIER = com.dev.app.shinamon.TCASamplesTests;
				PRODUCT_NAME = "$(TARGET_NAME)";
				SDKROOT = auto;
				SUPPORTED_PLATFORMS = "iphoneos iphonesimulator macosx";
				SWIFT_EMIT_LOC_STRINGS = NO;
				SWIFT_VERSION = 5.0;
				TARGETED_DEVICE_FAMILY = "1,2";
				TEST_HOST = "$(BUILT_PRODUCTS_DIR)/TCASamples.app/$(BUNDLE_EXECUTABLE_FOLDER_PATH)/TCASamples";
			};
			name = Debug;
		};
		50BDC1082BB7860A00ED1E7B /* Release */ = {
			isa = XCBuildConfiguration;
			buildSettings = {
				ALWAYS_EMBED_SWIFT_STANDARD_LIBRARIES = YES;
				BUNDLE_LOADER = "$(TEST_HOST)";
				CODE_SIGN_STYLE = Automatic;
				CURRENT_PROJECT_VERSION = 1;
				DEVELOPMENT_TEAM = 6VPJN87ZK9;
				GENERATE_INFOPLIST_FILE = YES;
				IPHONEOS_DEPLOYMENT_TARGET = 17.2;
				MACOSX_DEPLOYMENT_TARGET = 14.2;
				MARKETING_VERSION = 1.0;
				PRODUCT_BUNDLE_IDENTIFIER = com.dev.app.shinamon.TCASamplesTests;
				PRODUCT_NAME = "$(TARGET_NAME)";
				SDKROOT = auto;
				SUPPORTED_PLATFORMS = "iphoneos iphonesimulator macosx";
				SWIFT_EMIT_LOC_STRINGS = NO;
				SWIFT_VERSION = 5.0;
				TARGETED_DEVICE_FAMILY = "1,2";
				TEST_HOST = "$(BUILT_PRODUCTS_DIR)/TCASamples.app/$(BUNDLE_EXECUTABLE_FOLDER_PATH)/TCASamples";
			};
			name = Release;
		};
		50BDC10A2BB7860A00ED1E7B /* Debug */ = {
			isa = XCBuildConfiguration;
			buildSettings = {
				ALWAYS_EMBED_SWIFT_STANDARD_LIBRARIES = YES;
				CODE_SIGN_STYLE = Automatic;
				CURRENT_PROJECT_VERSION = 1;
				DEVELOPMENT_TEAM = 6VPJN87ZK9;
				GENERATE_INFOPLIST_FILE = YES;
				IPHONEOS_DEPLOYMENT_TARGET = 17.2;
				MACOSX_DEPLOYMENT_TARGET = 14.2;
				MARKETING_VERSION = 1.0;
				PRODUCT_BUNDLE_IDENTIFIER = com.dev.app.shinamon.TCASamplesUITests;
				PRODUCT_NAME = "$(TARGET_NAME)";
				SDKROOT = auto;
				SUPPORTED_PLATFORMS = "iphoneos iphonesimulator macosx";
				SWIFT_EMIT_LOC_STRINGS = NO;
				SWIFT_VERSION = 5.0;
				TARGETED_DEVICE_FAMILY = "1,2";
				TEST_TARGET_NAME = TCASamples;
			};
			name = Debug;
		};
		50BDC10B2BB7860A00ED1E7B /* Release */ = {
			isa = XCBuildConfiguration;
			buildSettings = {
				ALWAYS_EMBED_SWIFT_STANDARD_LIBRARIES = YES;
				CODE_SIGN_STYLE = Automatic;
				CURRENT_PROJECT_VERSION = 1;
				DEVELOPMENT_TEAM = 6VPJN87ZK9;
				GENERATE_INFOPLIST_FILE = YES;
				IPHONEOS_DEPLOYMENT_TARGET = 17.2;
				MACOSX_DEPLOYMENT_TARGET = 14.2;
				MARKETING_VERSION = 1.0;
				PRODUCT_BUNDLE_IDENTIFIER = com.dev.app.shinamon.TCASamplesUITests;
				PRODUCT_NAME = "$(TARGET_NAME)";
				SDKROOT = auto;
				SUPPORTED_PLATFORMS = "iphoneos iphonesimulator macosx";
				SWIFT_EMIT_LOC_STRINGS = NO;
				SWIFT_VERSION = 5.0;
				TARGETED_DEVICE_FAMILY = "1,2";
				TEST_TARGET_NAME = TCASamples;
			};
			name = Release;
		};
/* End XCBuildConfiguration section */

/* Begin XCConfigurationList section */
		50BDC0D72BB7860800ED1E7B /* Build configuration list for PBXProject "TCASamples" */ = {
			isa = XCConfigurationList;
			buildConfigurations = (
				50BDC1012BB7860A00ED1E7B /* Debug */,
				50BDC1022BB7860A00ED1E7B /* Release */,
			);
			defaultConfigurationIsVisible = 0;
			defaultConfigurationName = Release;
		};
		50BDC1032BB7860A00ED1E7B /* Build configuration list for PBXNativeTarget "TCASamples" */ = {
			isa = XCConfigurationList;
			buildConfigurations = (
				50BDC1042BB7860A00ED1E7B /* Debug */,
				50BDC1052BB7860A00ED1E7B /* Release */,
			);
			defaultConfigurationIsVisible = 0;
			defaultConfigurationName = Release;
		};
		50BDC1062BB7860A00ED1E7B /* Build configuration list for PBXNativeTarget "TCASamplesTests" */ = {
			isa = XCConfigurationList;
			buildConfigurations = (
				50BDC1072BB7860A00ED1E7B /* Debug */,
				50BDC1082BB7860A00ED1E7B /* Release */,
			);
			defaultConfigurationIsVisible = 0;
			defaultConfigurationName = Release;
		};
		50BDC1092BB7860A00ED1E7B /* Build configuration list for PBXNativeTarget "TCASamplesUITests" */ = {
			isa = XCConfigurationList;
			buildConfigurations = (
				50BDC10A2BB7860A00ED1E7B /* Debug */,
				50BDC10B2BB7860A00ED1E7B /* Release */,
			);
			defaultConfigurationIsVisible = 0;
			defaultConfigurationName = Release;
		};
/* End XCConfigurationList section */

/* Begin XCRemoteSwiftPackageReference section */
		50E296742BB78B8A00D081D8 /* XCRemoteSwiftPackageReference "swift-composable-architecture" */ = {
			isa = XCRemoteSwiftPackageReference;
			repositoryURL = "https://github.com/pointfreeco/swift-composable-architecture";
			requirement = {
				kind = upToNextMajorVersion;
				minimumVersion = 1.9.2;
			};
		};
/* End XCRemoteSwiftPackageReference section */

/* Begin XCSwiftPackageProductDependency section */
		50E296752BB78B8A00D081D8 /* ComposableArchitecture */ = {
			isa = XCSwiftPackageProductDependency;
			package = 50E296742BB78B8A00D081D8 /* XCRemoteSwiftPackageReference "swift-composable-architecture" */;
			productName = ComposableArchitecture;
		};
/* End XCSwiftPackageProductDependency section */
	};
	rootObject = 50BDC0D42BB7860800ED1E7B /* Project object */;
}
